# THIS IS AN AUTOGENERATED FILE. DO NOT EDIT THIS FILE DIRECTLY.
# yarn lockfile v1


"@f/throttle@^1.0.0":
  version "1.0.0"
  resolved "https://registry.yarnpkg.com/@f/throttle/-/throttle-1.0.0.tgz#b12f207086d7b7d43660f1b9154f76fc57e30a40"
  integrity sha512-+oZHBO8yDzCTRZYFOdSO3olO0ADik/OxGt4ykHmGYNHj+1lLhk8/fI27SjSKe4zbMR6rUQdak3XJTA4sjO+Ukg==

color-name@^1.1.1:
  version "1.1.4"
  resolved "https://registry.yarnpkg.com/color-name/-/color-name-1.1.4.tgz#c2a09a87acbde69543de6f63fa3995c826c536a2"
  integrity sha512-dOy+3AuW3a2wNbZHIuMZpTcgjGuLU/uBL/ubcZF9OXbDo8ff4O8yVp5Bf0efS8uEoYo5q4Fx7dY9OgQGXgAsQA==

statusbar@^0.2.0:
  version "0.2.0"
  resolved "https://registry.yarnpkg.com/statusbar/-/statusbar-0.2.0.tgz#901c726754f85df2d5bf38dee56995459fb0de94"
  integrity sha512-j4/LMac1tKFbdVRtl6RllzmRYN9onaQ437osL7DxbV6QFuFx4q0/X50q2i8z7K1KtXJ/9gIeMxayX1b9KbG9CQ==
  dependencies:
    "@f/throttle" "^1.0.0"
    color-name "^1.1.1"
    xdg-basedir "^3.0.0"

xdg-basedir@^3.0.0:
  version "3.0.0"
  resolved "https://registry.yarnpkg.com/xdg-basedir/-/xdg-basedir-3.0.0.tgz#496b2cc109eca8dbacfe2dc72b603c17c5870ad4"
  integrity sha512-1Dly4xqlulvPD3fZUQJLY+FUIeqN3N2MM3uqe4rCJftAvOjFa3jFGfctOgluGx4ahPbUCsZkmJILiP0Vi4T6lQ==
